
Microsoft Visual Studio Solution File, Format Version 12.00
# Visual Studio Version 16
VisualStudioVersion = 25.0.1706.7
MinimumVisualStudioVersion = 10.0.40219.1
Project("{FAE04EC0-301F-11D3-BF4B-00C04F79EFBC}") = "FindMosque.Bot", "FindMosque.Bot.csproj", "{3F295C87-7CA1-4E98-A4C9-08AEC412A215}"
EndProject
Global
	GlobalSection(SolutionConfigurationPlatforms) = preSolution
		Debug|Any CPU = Debug|Any CPU
		Release|Any CPU = Release|Any CPU
	EndGlobalSection
	GlobalSection(ProjectConfigurationPlatforms) = postSolution
		{3F295C87-7CA1-4E98-A4C9-08AEC412A215}.Debug|Any CPU.ActiveCfg = Debug|Any CPU
		{3F295C87-7CA1-4E98-A4C9-08AEC412A215}.Debug|Any CPU.Build.0 = Debug|Any CPU
		{3F295C87-7CA1-4E98-A4C9-08AEC412A215}.Release|Any CPU.ActiveCfg = Release|Any CPU
		{3F295C87-7CA1-4E98-A4C9-08AEC412A215}.Release|Any CPU.Build.0 = Release|Any CPU
	EndGlobalSection
	GlobalSection(SolutionProperties) = preSolution
		HideSolutionNode = FALSE
	EndGlobalSection
	GlobalSection(ExtensibilityGlobals) = postSolution
		SolutionGuid = {3E05A25A-BFB0-4CF0-8600-421B442D1F1B}
	EndGlobalSection
EndGlobal
